# This file is automatically @generated by Cargo.
# It is not intended for manual editing.
version = 3

[[package]]
name = "calcit_json"
version = "0.0.2"
dependencies = [
 "cirru_edn",
 "cirru_parser",
 "hex",
 "json",
]

[[package]]
name = "cirru_edn"
version = "0.4.0"
source = "registry+https://github.com/rust-lang/crates.io-index"
checksum = "37f78b9daa64e28a97fb4879b9d3a3c4c0c50ad8e14698a6a4fb9db9868bfd43"
dependencies = [
 "cirru_parser",
 "hex",
 "lazy_static",
]

[[package]]
name = "cirru_parser"
version = "0.1.24"
source = "registry+https://github.com/rust-lang/crates.io-index"
checksum = "0c942c2dafb7e7cab267b66e6ccbb0b4ef11a471b83c90a9e072cdd02d2081aa"

[[package]]
name = "hex"
version = "0.4.3"
source = "registry+https://github.com/rust-lang/crates.io-index"
checksum = "7f24254aa9a54b5c858eaee2f5bccdb46aaf0e486a595ed5fd8f86ba55232a70"

[[package]]
name = "json"
version = "0.12.4"
source = "registry+https://github.com/rust-lang/crates.io-index"
checksum = "078e285eafdfb6c4b434e0d31e8cfcb5115b651496faca5749b88fafd4f23bfd"

[[package]]
name = "lazy_static"
version = "1.4.0"
source = "registry+https://github.com/rust-lang/crates.io-index"
checksum = "e2abad23fbc42b3700f2f279844dc832adb2b2eb069b2df918f455c4e18cc646"
